
Microsoft Visual Studio Solution File, Format Version 12.00
# Visual Studio Version 17
VisualStudioVersion = 17.4.33213.308
MinimumVisualStudioVersion = 10.0.40219.1
Project("{8BC9CEB8-8B4A-11D0-8D11-00A0C91BC942}") = "236_PRACTICA02", "236_PRACTICA02\236_PRACTICA02.vcxproj", "{37EA63A5-244F-46F8-A245-0497F4693E8A}"
EndProject
Global
	GlobalSection(SolutionConfigurationPlatforms) = preSolution
		Debug|x64 = Debug|x64
		Debug|x86 = Debug|x86
		Release|x64 = Release|x64
		Release|x86 = Release|x86
	EndGlobalSection
	GlobalSection(ProjectConfigurationPlatforms) = postSolution
		{37EA63A5-244F-46F8-A245-0497F4693E8A}.Debug|x64.ActiveCfg = Debug|x64
		{37EA63A5-244F-46F8-A245-0497F4693E8A}.Debug|x64.Build.0 = Debug|x64
		{37EA63A5-244F-46F8-A245-0497F4693E8A}.Debug|x86.ActiveCfg = Debug|Win32
		{37EA63A5-244F-46F8-A245-0497F4693E8A}.Debug|x86.Build.0 = Debug|Win32
		{37EA63A5-244F-46F8-A245-0497F4693E8A}.Release|x64.ActiveCfg = Release|x64
		{37EA63A5-244F-46F8-A245-0497F4693E8A}.Release|x64.Build.0 = Release|x64
		{37EA63A5-244F-46F8-A245-0497F4693E8A}.Release|x86.ActiveCfg = Release|Win32
		{37EA63A5-244F-46F8-A245-0497F4693E8A}.Release|x86.Build.0 = Release|Win32
	EndGlobalSection
	GlobalSection(SolutionProperties) = preSolution
		HideSolutionNode = FALSE
	EndGlobalSection
	GlobalSection(ExtensibilityGlobals) = postSolution
		SolutionGuid = {39D490A3-1260-4658-855E-4D2371993513}
	EndGlobalSection
EndGlobal
