
Microsoft Visual Studio Solution File, Format Version 12.00
# Visual Studio Version 17
VisualStudioVersion = 17.5.33414.496
MinimumVisualStudioVersion = 10.0.40219.1
Project("{8BC9CEB8-8B4A-11D0-8D11-00A0C91BC942}") = "PlantillasVariádicas", "PlantillasVariádicas\PlantillasVariádicas.vcxproj", "{1B38C120-4BED-4855-B17B-7DEC82B7C6DC}"
EndProject
Global
	GlobalSection(SolutionConfigurationPlatforms) = preSolution
		Debug|x64 = Debug|x64
		Debug|x86 = Debug|x86
		Release|x64 = Release|x64
		Release|x86 = Release|x86
	EndGlobalSection
	GlobalSection(ProjectConfigurationPlatforms) = postSolution
		{1B38C120-4BED-4855-B17B-7DEC82B7C6DC}.Debug|x64.ActiveCfg = Debug|x64
		{1B38C120-4BED-4855-B17B-7DEC82B7C6DC}.Debug|x64.Build.0 = Debug|x64
		{1B38C120-4BED-4855-B17B-7DEC82B7C6DC}.Debug|x86.ActiveCfg = Debug|Win32
		{1B38C120-4BED-4855-B17B-7DEC82B7C6DC}.Debug|x86.Build.0 = Debug|Win32
		{1B38C120-4BED-4855-B17B-7DEC82B7C6DC}.Release|x64.ActiveCfg = Release|x64
		{1B38C120-4BED-4855-B17B-7DEC82B7C6DC}.Release|x64.Build.0 = Release|x64
		{1B38C120-4BED-4855-B17B-7DEC82B7C6DC}.Release|x86.ActiveCfg = Release|Win32
		{1B38C120-4BED-4855-B17B-7DEC82B7C6DC}.Release|x86.Build.0 = Release|Win32
	EndGlobalSection
	GlobalSection(SolutionProperties) = preSolution
		HideSolutionNode = FALSE
	EndGlobalSection
	GlobalSection(ExtensibilityGlobals) = postSolution
		SolutionGuid = {A9980A40-0193-4E14-8133-8DFA7FB10400}
	EndGlobalSection
EndGlobal
